// !$*UTF8*$!
{
	archiveVersion = 1;
	classes = {
	};
	objectVersion = 51;
	objects = {

/* Begin PBXBuildFile section */
		54CDC43E94083FD1ED339532 /* Pods_Group_F_Protective_App_IOSTests.framework in Frameworks */ = {isa = PBXBuildFile; fileRef = 2A3AB8CEA5CF0FAF82037611 /* Pods_Group_F_Protective_App_IOSTests.framework */; };
		614F696189146496A895B189 /* Pods_Group_F_Protective_App_IOS_Group_F_Protective_App_IOSUITests.framework in Frameworks */ = {isa = PBXBuildFile; fileRef = 994E895A6348A53AD3413D7B /* Pods_Group_F_Protective_App_IOS_Group_F_Protective_App_IOSUITests.framework */; };
		BE16082529D5BCE7AEFB45D0 /* Pods_Group_F_Protective_App_IOS.framework in Frameworks */ = {isa = PBXBuildFile; fileRef = 2AD1973C5C9AEB0ABAD255AD /* Pods_Group_F_Protective_App_IOS.framework */; };
		D0081BB72388625700546922 /* notesViewController.swift in Sources */ = {isa = PBXBuildFile; fileRef = D0081BB22388625500546922 /* notesViewController.swift */; };
		D0081BB82388625700546922 /* structurefile.swift in Sources */ = {isa = PBXBuildFile; fileRef = D0081BB32388625500546922 /* structurefile.swift */; };
		D0081BB92388625700546922 /* tableviewcontrollerTableViewController.swift in Sources */ = {isa = PBXBuildFile; fileRef = D0081BB42388625600546922 /* tableviewcontrollerTableViewController.swift */; };
		D0081BBA2388625700546922 /* listTableViewController.swift in Sources */ = {isa = PBXBuildFile; fileRef = D0081BB52388625600546922 /* listTableViewController.swift */; };
		D0081BBB2388625700546922 /* movenotesViewController.swift in Sources */ = {isa = PBXBuildFile; fileRef = D0081BB62388625700546922 /* movenotesViewController.swift */; };
		D009822F23870FE800784BF8 /* AppDelegate.swift in Sources */ = {isa = PBXBuildFile; fileRef = D009822E23870FE800784BF8 /* AppDelegate.swift */; };
		D009823123870FE800784BF8 /* SceneDelegate.swift in Sources */ = {isa = PBXBuildFile; fileRef = D009823023870FE800784BF8 /* SceneDelegate.swift */; };
		D009823323870FE800784BF8 /* ViewController.swift in Sources */ = {isa = PBXBuildFile; fileRef = D009823223870FE800784BF8 /* ViewController.swift */; };
		D009823623870FE800784BF8 /* Main.storyboard in Resources */ = {isa = PBXBuildFile; fileRef = D009823423870FE800784BF8 /* Main.storyboard */; };
		D009823823870FE900784BF8 /* Assets.xcassets in Resources */ = {isa = PBXBuildFile; fileRef = D009823723870FE900784BF8 /* Assets.xcassets */; };
		D009823B23870FE900784BF8 /* LaunchScreen.storyboard in Resources */ = {isa = PBXBuildFile; fileRef = D009823923870FE900784BF8 /* LaunchScreen.storyboard */; };
		D009824623870FEA00784BF8 /* Group_F_Protective_App_IOSTests.swift in Sources */ = {isa = PBXBuildFile; fileRef = D009824523870FEA00784BF8 /* Group_F_Protective_App_IOSTests.swift */; };
		D009825123870FEA00784BF8 /* Group_F_Protective_App_IOSUITests.swift in Sources */ = {isa = PBXBuildFile; fileRef = D009825023870FEA00784BF8 /* Group_F_Protective_App_IOSUITests.swift */; };
		D009825F2387101A00784BF8 /* Constants.swift in Sources */ = {isa = PBXBuildFile; fileRef = D009825E2387101A00784BF8 /* Constants.swift */; };
		D00982612387104A00784BF8 /* Utilities.swift in Sources */ = {isa = PBXBuildFile; fileRef = D00982602387104A00784BF8 /* Utilities.swift */; };
		D00982632387139400784BF8 /* SignupViewController.swift in Sources */ = {isa = PBXBuildFile; fileRef = D00982622387139400784BF8 /* SignupViewController.swift */; };
		D0098265238713A500784BF8 /* LoginViewController.swift in Sources */ = {isa = PBXBuildFile; fileRef = D0098264238713A500784BF8 /* LoginViewController.swift */; };
		D0098267238713B400784BF8 /* HomeViewController.swift in Sources */ = {isa = PBXBuildFile; fileRef = D0098266238713B400784BF8 /* HomeViewController.swift */; };
		D00982692387177B00784BF8 /* GoogleService-Info.plist in Resources */ = {isa = PBXBuildFile; fileRef = D00982682387177B00784BF8 /* GoogleService-Info.plist */; };
		D009826B23871FED00784BF8 /* PostsViewController.swift in Sources */ = {isa = PBXBuildFile; fileRef = D009826A23871FED00784BF8 /* PostsViewController.swift */; };
		D009826D2387237C00784BF8 /* Post.swift in Sources */ = {isa = PBXBuildFile; fileRef = D009826C2387237C00784BF8 /* Post.swift */; };
		D00FD0F1238F2878000E442D /* vedioViewController.swift in Sources */ = {isa = PBXBuildFile; fileRef = D00FD0F0238F2878000E442D /* vedioViewController.swift */; };
		D00FD0F6238F299F000E442D /* AVKit.framework in Frameworks */ = {isa = PBXBuildFile; fileRef = D00FD0F4238F299F000E442D /* AVKit.framework */; };
		D00FD0F7238F299F000E442D /* AVFoundation.framework in Frameworks */ = {isa = PBXBuildFile; fileRef = D00FD0F5238F299F000E442D /* AVFoundation.framework */; };
		D00FD0F8238F29C0000E442D /* 180607_A_101 2.mp4 in Resources */ = {isa = PBXBuildFile; fileRef = D00FD0F2238F28E4000E442D /* 180607_A_101 2.mp4 */; };
		D00FD0FB238F29E5000E442D /* vedio2.mp4 in Resources */ = {isa = PBXBuildFile; fileRef = D00FD0F9238F29E3000E442D /* vedio2.mp4 */; };
		D00FD0FC238F29E5000E442D /* vedio.mp4 in Resources */ = {isa = PBXBuildFile; fileRef = D00FD0FA238F29E5000E442D /* vedio.mp4 */; };
		D00FD0FF238F2A45000E442D /* IMG_CE02A9BF23B6-1.jpeg in Resources */ = {isa = PBXBuildFile; fileRef = D00FD0FD238F2A43000E442D /* IMG_CE02A9BF23B6-1.jpeg */; };
		D00FD100238F2A45000E442D /* IMG_C2F3053FD8B6-1.jpeg in Resources */ = {isa = PBXBuildFile; fileRef = D00FD0FE238F2A44000E442D /* IMG_C2F3053FD8B6-1.jpeg */; };
		D06E1AE1238F911A0011D8C4 /* Unknown.jpeg in Resources */ = {isa = PBXBuildFile; fileRef = D06E1AE0238F911A0011D8C4 /* Unknown.jpeg */; };
		D06E1AE3238F91240011D8C4 /* images.jpeg in Resources */ = {isa = PBXBuildFile; fileRef = D06E1AE2238F91240011D8C4 /* images.jpeg */; };
		D06E1AE5238F912A0011D8C4 /* audio.mp3 in Resources */ = {isa = PBXBuildFile; fileRef = D06E1AE4238F912A0011D8C4 /* audio.mp3 */; };
		D06E1AE7238F91340011D8C4 /* audio2.m4a in Resources */ = {isa = PBXBuildFile; fileRef = D06E1AE6238F91340011D8C4 /* audio2.m4a */; };
/* End PBXBuildFile section */

/* Begin PBXContainerItemProxy section */
		D009824223870FEA00784BF8 /* PBXContainerItemProxy */ = {
			isa = PBXContainerItemProxy;
			containerPortal = D009822323870FE800784BF8 /* Project object */;
			proxyType = 1;
			remoteGlobalIDString = D009822A23870FE800784BF8;
			remoteInfo = "Group-F-Protective-App-IOS";
		};
		D009824D23870FEA00784BF8 /* PBXContainerItemProxy */ = {
			isa = PBXContainerItemProxy;
			containerPortal = D009822323870FE800784BF8 /* Project object */;
			proxyType = 1;
			remoteGlobalIDString = D009822A23870FE800784BF8;
			remoteInfo = "Group-F-Protective-App-IOS";
		};
/* End PBXContainerItemProxy section */

/* Begin PBXFileReference section */
		1ECD0D95F1A15F6408C3C8D3 /* Pods-Group-F-Protective-App-IOSTests.release.xcconfig */ = {isa = PBXFileReference; includeInIndex = 1; lastKnownFileType = text.xcconfig; name = "Pods-Group-F-Protective-App-IOSTests.release.xcconfig"; path = "Target Support Files/Pods-Group-F-Protective-App-IOSTests/Pods-Group-F-Protective-App-IOSTests.release.xcconfig"; sourceTree = "<group>"; };
		20DC8A3EAC91073211495889 /* Pods-Group-F-Protective-App-IOS-Group-F-Protective-App-IOSUITests.release.xcconfig */ = {isa = PBXFileReference; includeInIndex = 1; lastKnownFileType = text.xcconfig; name = "Pods-Group-F-Protective-App-IOS-Group-F-Protective-App-IOSUITests.release.xcconfig"; path = "Target Support Files/Pods-Group-F-Protective-App-IOS-Group-F-Protective-App-IOSUITests/Pods-Group-F-Protective-App-IOS-Group-F-Protective-App-IOSUITests.release.xcconfig"; sourceTree = "<group>"; };
		2A3AB8CEA5CF0FAF82037611 /* Pods_Group_F_Protective_App_IOSTests.framework */ = {isa = PBXFileReference; explicitFileType = wrapper.framework; includeInIndex = 0; path = Pods_Group_F_Protective_App_IOSTests.framework; sourceTree = BUILT_PRODUCTS_DIR; };
		2AD1973C5C9AEB0ABAD255AD /* Pods_Group_F_Protective_App_IOS.framework */ = {isa = PBXFileReference; explicitFileType = wrapper.framework; includeInIndex = 0; path = Pods_Group_F_Protective_App_IOS.framework; sourceTree = BUILT_PRODUCTS_DIR; };
		644F11206B549BCEAB347E32 /* Pods-Group-F-Protective-App-IOS.release.xcconfig */ = {isa = PBXFileReference; includeInIndex = 1; lastKnownFileType = text.xcconfig; name = "Pods-Group-F-Protective-App-IOS.release.xcconfig"; path = "Target Support Files/Pods-Group-F-Protective-App-IOS/Pods-Group-F-Protective-App-IOS.release.xcconfig"; sourceTree = "<group>"; };
		897E503103A29FF4C6E6BBDC /* Pods-Group-F-Protective-App-IOS-Group-F-Protective-App-IOSUITests.debug.xcconfig */ = {isa = PBXFileReference; includeInIndex = 1; lastKnownFileType = text.xcconfig; name = "Pods-Group-F-Protective-App-IOS-Group-F-Protective-App-IOSUITests.debug.xcconfig"; path = "Target Support Files/Pods-Group-F-Protective-App-IOS-Group-F-Protective-App-IOSUITests/Pods-Group-F-Protective-App-IOS-Group-F-Protective-App-IOSUITests.debug.xcconfig"; sourceTree = "<group>"; };
		994E895A6348A53AD3413D7B /* Pods_Group_F_Protective_App_IOS_Group_F_Protective_App_IOSUITests.framework */ = {isa = PBXFileReference; explicitFileType = wrapper.framework; includeInIndex = 0; path = Pods_Group_F_Protective_App_IOS_Group_F_Protective_App_IOSUITests.framework; sourceTree = BUILT_PRODUCTS_DIR; };
		D0081BB22388625500546922 /* notesViewController.swift */ = {isa = PBXFileReference; fileEncoding = 4; lastKnownFileType = sourcecode.swift; path = notesViewController.swift; sourceTree = "<group>"; };
		D0081BB32388625500546922 /* structurefile.swift */ = {isa = PBXFileReference; fileEncoding = 4; lastKnownFileType = sourcecode.swift; path = structurefile.swift; sourceTree = "<group>"; };
		D0081BB42388625600546922 /* tableviewcontrollerTableViewController.swift */ = {isa = PBXFileReference; fileEncoding = 4; lastKnownFileType = sourcecode.swift; path = tableviewcontrollerTableViewController.swift; sourceTree = "<group>"; };
		D0081BB52388625600546922 /* listTableViewController.swift */ = {isa = PBXFileReference; fileEncoding = 4; lastKnownFileType = sourcecode.swift; path = listTableViewController.swift; sourceTree = "<group>"; };
		D0081BB62388625700546922 /* movenotesViewController.swift */ = {isa = PBXFileReference; fileEncoding = 4; lastKnownFileType = sourcecode.swift; path = movenotesViewController.swift; sourceTree = "<group>"; };
		D009822B23870FE800784BF8 /* Group-F-Protective-App-IOS.app */ = {isa = PBXFileReference; explicitFileType = wrapper.application; includeInIndex = 0; path = "Group-F-Protective-App-IOS.app"; sourceTree = BUILT_PRODUCTS_DIR; };
		D009822E23870FE800784BF8 /* AppDelegate.swift */ = {isa = PBXFileReference; lastKnownFileType = sourcecode.swift; path = AppDelegate.swift; sourceTree = "<group>"; };
		D009823023870FE800784BF8 /* SceneDelegate.swift */ = {isa = PBXFileReference; lastKnownFileType = sourcecode.swift; path = SceneDelegate.swift; sourceTree = "<group>"; };
		D009823223870FE800784BF8 /* ViewController.swift */ = {isa = PBXFileReference; lastKnownFileType = sourcecode.swift; path = ViewController.swift; sourceTree = "<group>"; };
		D009823523870FE800784BF8 /* Base */ = {isa = PBXFileReference; lastKnownFileType = file.storyboard; name = Base; path = Base.lproj/Main.storyboard; sourceTree = "<group>"; };
		D009823723870FE900784BF8 /* Assets.xcassets */ = {isa = PBXFileReference; lastKnownFileType = folder.assetcatalog; path = Assets.xcassets; sourceTree = "<group>"; };
		D009823A23870FE900784BF8 /* Base */ = {isa = PBXFileReference; lastKnownFileType = file.storyboard; name = Base; path = Base.lproj/LaunchScreen.storyboard; sourceTree = "<group>"; };
		D009823C23870FE900784BF8 /* Info.plist */ = {isa = PBXFileReference; lastKnownFileType = text.plist.xml; path = Info.plist; sourceTree = "<group>"; };
		D009824123870FEA00784BF8 /* Group-F-Protective-App-IOSTests.xctest */ = {isa = PBXFileReference; explicitFileType = wrapper.cfbundle; includeInIndex = 0; path = "Group-F-Protective-App-IOSTests.xctest"; sourceTree = BUILT_PRODUCTS_DIR; };
		D009824523870FEA00784BF8 /* Group_F_Protective_App_IOSTests.swift */ = {isa = PBXFileReference; lastKnownFileType = sourcecode.swift; path = Group_F_Protective_App_IOSTests.swift; sourceTree = "<group>"; };
		D009824723870FEA00784BF8 /* Info.plist */ = {isa = PBXFileReference; lastKnownFileType = text.plist.xml; path = Info.plist; sourceTree = "<group>"; };
		D009824C23870FEA00784BF8 /* Group-F-Protective-App-IOSUITests.xctest */ = {isa = PBXFileReference; explicitFileType = wrapper.cfbundle; includeInIndex = 0; path = "Group-F-Protective-App-IOSUITests.xctest"; sourceTree = BUILT_PRODUCTS_DIR; };
		D009825023870FEA00784BF8 /* Group_F_Protective_App_IOSUITests.swift */ = {isa = PBXFileReference; lastKnownFileType = sourcecode.swift; path = Group_F_Protective_App_IOSUITests.swift; sourceTree = "<group>"; };
		D009825223870FEA00784BF8 /* Info.plist */ = {isa = PBXFileReference; lastKnownFileType = text.plist.xml; path = Info.plist; sourceTree = "<group>"; };
		D009825E2387101A00784BF8 /* Constants.swift */ = {isa = PBXFileReference; fileEncoding = 4; lastKnownFileType = sourcecode.swift; path = Constants.swift; sourceTree = "<group>"; };
		D00982602387104A00784BF8 /* Utilities.swift */ = {isa = PBXFileReference; fileEncoding = 4; lastKnownFileType = sourcecode.swift; path = Utilities.swift; sourceTree = "<group>"; };
		D00982622387139400784BF8 /* SignupViewController.swift */ = {isa = PBXFileReference; lastKnownFileType = sourcecode.swift; path = SignupViewController.swift; sourceTree = "<group>"; };
		D0098264238713A500784BF8 /* LoginViewController.swift */ = {isa = PBXFileReference; lastKnownFileType = sourcecode.swift; path = LoginViewController.swift; sourceTree = "<group>"; };
		D0098266238713B400784BF8 /* HomeViewController.swift */ = {isa = PBXFileReference; lastKnownFileType = sourcecode.swift; path = HomeViewController.swift; sourceTree = "<group>"; };
		D00982682387177B00784BF8 /* GoogleService-Info.plist */ = {isa = PBXFileReference; fileEncoding = 4; lastKnownFileType = text.plist.xml; path = "GoogleService-Info.plist"; sourceTree = "<group>"; };
		D009826A23871FED00784BF8 /* PostsViewController.swift */ = {isa = PBXFileReference; lastKnownFileType = sourcecode.swift; path = PostsViewController.swift; sourceTree = "<group>"; };
		D009826C2387237C00784BF8 /* Post.swift */ = {isa = PBXFileReference; lastKnownFileType = sourcecode.swift; path = Post.swift; sourceTree = "<group>"; };
		D00FD0F0238F2878000E442D /* vedioViewController.swift */ = {isa = PBXFileReference; lastKnownFileType = sourcecode.swift; path = vedioViewController.swift; sourceTree = "<group>"; };
		D00FD0F2238F28E4000E442D /* 180607_A_101 2.mp4 */ = {isa = PBXFileReference; lastKnownFileType = file; path = "180607_A_101 2.mp4"; sourceTree = "<group>"; };
		D00FD0F4238F299F000E442D /* AVKit.framework */ = {isa = PBXFileReference; lastKnownFileType = wrapper.framework; name = AVKit.framework; path = System/Library/Frameworks/AVKit.framework; sourceTree = SDKROOT; };
		D00FD0F5238F299F000E442D /* AVFoundation.framework */ = {isa = PBXFileReference; lastKnownFileType = wrapper.framework; name = AVFoundation.framework; path = System/Library/Frameworks/AVFoundation.framework; sourceTree = SDKROOT; };
		D00FD0F9238F29E3000E442D /* vedio2.mp4 */ = {isa = PBXFileReference; lastKnownFileType = file; path = vedio2.mp4; sourceTree = "<group>"; };
		D00FD0FA238F29E5000E442D /* vedio.mp4 */ = {isa = PBXFileReference; lastKnownFileType = file; path = vedio.mp4; sourceTree = "<group>"; };
		D00FD0FD238F2A43000E442D /* IMG_CE02A9BF23B6-1.jpeg */ = {isa = PBXFileReference; lastKnownFileType = image.jpeg; path = "IMG_CE02A9BF23B6-1.jpeg"; sourceTree = "<group>"; };
		D00FD0FE238F2A44000E442D /* IMG_C2F3053FD8B6-1.jpeg */ = {isa = PBXFileReference; lastKnownFileType = image.jpeg; path = "IMG_C2F3053FD8B6-1.jpeg"; sourceTree = "<group>"; };
		D06E1AE0238F911A0011D8C4 /* Unknown.jpeg */ = {isa = PBXFileReference; lastKnownFileType = image.jpeg; path = Unknown.jpeg; sourceTree = "<group>"; };
		D06E1AE2238F91240011D8C4 /* images.jpeg */ = {isa = PBXFileReference; lastKnownFileType = image.jpeg; path = images.jpeg; sourceTree = "<group>"; };
		D06E1AE4238F912A0011D8C4 /* audio.mp3 */ = {isa = PBXFileReference; lastKnownFileType = audio.mp3; path = audio.mp3; sourceTree = "<group>"; };
		D06E1AE6238F91340011D8C4 /* audio2.m4a */ = {isa = PBXFileReference; lastKnownFileType = file; path = audio2.m4a; sourceTree = "<group>"; };
		D5FD6B8733CD94E3D4A0DFAF /* Pods-Group-F-Protective-App-IOSTests.debug.xcconfig */ = {isa = PBXFileReference; includeInIndex = 1; lastKnownFileType = text.xcconfig; name = "Pods-Group-F-Protective-App-IOSTests.debug.xcconfig"; path = "Target Support Files/Pods-Group-F-Protective-App-IOSTests/Pods-Group-F-Protective-App-IOSTests.debug.xcconfig"; sourceTree = "<group>"; };
		DC0FA4E3728C6AED227B21C7 /* Pods-Group-F-Protective-App-IOS.debug.xcconfig */ = {isa = PBXFileReference; includeInIndex = 1; lastKnownFileType = text.xcconfig; name = "Pods-Group-F-Protective-App-IOS.debug.xcconfig"; path = "Target Support Files/Pods-Group-F-Protective-App-IOS/Pods-Group-F-Protective-App-IOS.debug.xcconfig"; sourceTree = "<group>"; };
/* End PBXFileReference section */

/* Begin PBXFrameworksBuildPhase section */
		D009822823870FE800784BF8 /* Frameworks */ = {
			isa = PBXFrameworksBuildPhase;
			buildActionMask = 2147483647;
			files = (
				D00FD0F6238F299F000E442D /* AVKit.framework in Frameworks */,
				D00FD0F7238F299F000E442D /* AVFoundation.framework in Frameworks */,
				BE16082529D5BCE7AEFB45D0 /* Pods_Group_F_Protective_App_IOS.framework in Frameworks */,
			);
			runOnlyForDeploymentPostprocessing = 0;
		};
		D009823E23870FEA00784BF8 /* Frameworks */ = {
			isa = PBXFrameworksBuildPhase;
			buildActionMask = 2147483647;
			files = (
				54CDC43E94083FD1ED339532 /* Pods_Group_F_Protective_App_IOSTests.framework in Frameworks */,
			);
			runOnlyForDeploymentPostprocessing = 0;
		};
		D009824923870FEA00784BF8 /* Frameworks */ = {
			isa = PBXFrameworksBuildPhase;
			buildActionMask = 2147483647;
			files = (
				614F696189146496A895B189 /* Pods_Group_F_Protective_App_IOS_Group_F_Protective_App_IOSUITests.framework in Frameworks */,
			);
			runOnlyForDeploymentPostprocessing = 0;
		};
/* End PBXFrameworksBuildPhase section */

/* Begin PBXGroup section */
		A217BD547DCBCB3BDCA57961 /* Pods */ = {
			isa = PBXGroup;
			children = (
				DC0FA4E3728C6AED227B21C7 /* Pods-Group-F-Protective-App-IOS.debug.xcconfig */,
				644F11206B549BCEAB347E32 /* Pods-Group-F-Protective-App-IOS.release.xcconfig */,
				897E503103A29FF4C6E6BBDC /* Pods-Group-F-Protective-App-IOS-Group-F-Protective-App-IOSUITests.debug.xcconfig */,
				20DC8A3EAC91073211495889 /* Pods-Group-F-Protective-App-IOS-Group-F-Protective-App-IOSUITests.release.xcconfig */,
				D5FD6B8733CD94E3D4A0DFAF /* Pods-Group-F-Protective-App-IOSTests.debug.xcconfig */,
				1ECD0D95F1A15F6408C3C8D3 /* Pods-Group-F-Protective-App-IOSTests.release.xcconfig */,
			);
			path = Pods;
			sourceTree = "<group>";
		};
		D009822223870FE800784BF8 = {
			isa = PBXGroup;
			children = (
				D00FD0FE238F2A44000E442D /* IMG_C2F3053FD8B6-1.jpeg */,
				D00FD0FD238F2A43000E442D /* IMG_CE02A9BF23B6-1.jpeg */,
				D00FD0FA238F29E5000E442D /* vedio.mp4 */,
				D06E1AE2238F91240011D8C4 /* images.jpeg */,
				D06E1AE0238F911A0011D8C4 /* Unknown.jpeg */,
				D06E1AE4238F912A0011D8C4 /* audio.mp3 */,
				D06E1AE6238F91340011D8C4 /* audio2.m4a */,
				D00FD0F9238F29E3000E442D /* vedio2.mp4 */,
				D009822D23870FE800784BF8 /* Group-F-Protective-App-IOS */,
				D009824423870FEA00784BF8 /* Group-F-Protective-App-IOSTests */,
				D009824F23870FEA00784BF8 /* Group-F-Protective-App-IOSUITests */,
				D009822C23870FE800784BF8 /* Products */,
				A217BD547DCBCB3BDCA57961 /* Pods */,
				D0582C5D0FED9EDAF8EF228D /* Frameworks */,
			);
			sourceTree = "<group>";
		};
		D009822C23870FE800784BF8 /* Products */ = {
			isa = PBXGroup;
			children = (
				D009822B23870FE800784BF8 /* Group-F-Protective-App-IOS.app */,
				D009824123870FEA00784BF8 /* Group-F-Protective-App-IOSTests.xctest */,
				D009824C23870FEA00784BF8 /* Group-F-Protective-App-IOSUITests.xctest */,
			);
			name = Products;
			sourceTree = "<group>";
		};
		D009822D23870FE800784BF8 /* Group-F-Protective-App-IOS */ = {
			isa = PBXGroup;
			children = (
				D00FD0F3238F2902000E442D /* videos */,
				D00FD0F2238F28E4000E442D /* 180607_A_101 2.mp4 */,
				D00982682387177B00784BF8 /* GoogleService-Info.plist */,
				D00982602387104A00784BF8 /* Utilities.swift */,
				D009825E2387101A00784BF8 /* Constants.swift */,
				D009822E23870FE800784BF8 /* AppDelegate.swift */,
				D009823023870FE800784BF8 /* SceneDelegate.swift */,
				D009823223870FE800784BF8 /* ViewController.swift */,
				D009823423870FE800784BF8 /* Main.storyboard */,
				D0081BB52388625600546922 /* listTableViewController.swift */,
				D0081BB62388625700546922 /* movenotesViewController.swift */,
				D0081BB22388625500546922 /* notesViewController.swift */,
				D0081BB32388625500546922 /* structurefile.swift */,
				D0081BB42388625600546922 /* tableviewcontrollerTableViewController.swift */,
				D009823723870FE900784BF8 /* Assets.xcassets */,
				D009823923870FE900784BF8 /* LaunchScreen.storyboard */,
				D009823C23870FE900784BF8 /* Info.plist */,
				D00982622387139400784BF8 /* SignupViewController.swift */,
				D0098264238713A500784BF8 /* LoginViewController.swift */,
				D0098266238713B400784BF8 /* HomeViewController.swift */,
				D009826A23871FED00784BF8 /* PostsViewController.swift */,
				D009826C2387237C00784BF8 /* Post.swift */,
				D00FD0F0238F2878000E442D /* vedioViewController.swift */,
			);
			path = "Group-F-Protective-App-IOS";
			sourceTree = "<group>";
		};
		D009824423870FEA00784BF8 /* Group-F-Protective-App-IOSTests */ = {
			isa = PBXGroup;
			children = (
				D009824523870FEA00784BF8 /* Group_F_Protective_App_IOSTests.swift */,
				D009824723870FEA00784BF8 /* Info.plist */,
			);
			path = "Group-F-Protective-App-IOSTests";
			sourceTree = "<group>";
		};
		D009824F23870FEA00784BF8 /* Group-F-Protective-App-IOSUITests */ = {
			isa = PBXGroup;
			children = (
				D009825023870FEA00784BF8 /* Group_F_Protective_App_IOSUITests.swift */,
				D009825223870FEA00784BF8 /* Info.plist */,
			);
			path = "Group-F-Protective-App-IOSUITests";
			sourceTree = "<group>";
		};
		D00FD0F3238F2902000E442D /* videos */ = {
			isa = PBXGroup;
			children = (
			);
			path = videos;
			sourceTree = "<group>";
		};
		D0582C5D0FED9EDAF8EF228D /* Frameworks */ = {
			isa = PBXGroup;
			children = (
				D00FD0F5238F299F000E442D /* AVFoundation.framework */,
				D00FD0F4238F299F000E442D /* AVKit.framework */,
				2AD1973C5C9AEB0ABAD255AD /* Pods_Group_F_Protective_App_IOS.framework */,
				994E895A6348A53AD3413D7B /* Pods_Group_F_Protective_App_IOS_Group_F_Protective_App_IOSUITests.framework */,
				2A3AB8CEA5CF0FAF82037611 /* Pods_Group_F_Protective_App_IOSTests.framework */,
			);
			name = Frameworks;
			sourceTree = "<group>";
		};
/* End PBXGroup section */

/* Begin PBXNativeTarget section */
		D009822A23870FE800784BF8 /* Group-F-Protective-App-IOS */ = {
			isa = PBXNativeTarget;
			buildConfigurationList = D009825523870FEA00784BF8 /* Build configuration list for PBXNativeTarget "Group-F-Protective-App-IOS" */;
			buildPhases = (
				60A36FCA9426D04ECB07CB69 /* [CP] Check Pods Manifest.lock */,
				D009822723870FE800784BF8 /* Sources */,
				D009822823870FE800784BF8 /* Frameworks */,
				D009822923870FE800784BF8 /* Resources */,
				BBD53A7884CA1A749AC8EEAB /* [CP] Embed Pods Frameworks */,
			);
			buildRules = (
			);
			dependencies = (
			);
			name = "Group-F-Protective-App-IOS";
			productName = "Group-F-Protective-App-IOS";
			productReference = D009822B23870FE800784BF8 /* Group-F-Protective-App-IOS.app */;
			productType = "com.apple.product-type.application";
		};
		D009824023870FEA00784BF8 /* Group-F-Protective-App-IOSTests */ = {
			isa = PBXNativeTarget;
			buildConfigurationList = D009825823870FEA00784BF8 /* Build configuration list for PBXNativeTarget "Group-F-Protective-App-IOSTests" */;
			buildPhases = (
				3271AF41461D0AD39D1E3DF8 /* [CP] Check Pods Manifest.lock */,
				D009823D23870FEA00784BF8 /* Sources */,
				D009823E23870FEA00784BF8 /* Frameworks */,
				D009823F23870FEA00784BF8 /* Resources */,
			);
			buildRules = (
			);
			dependencies = (
				D009824323870FEA00784BF8 /* PBXTargetDependency */,
			);
			name = "Group-F-Protective-App-IOSTests";
			productName = "Group-F-Protective-App-IOSTests";
			productReference = D009824123870FEA00784BF8 /* Group-F-Protective-App-IOSTests.xctest */;
			productType = "com.apple.product-type.bundle.unit-test";
		};
		D009824B23870FEA00784BF8 /* Group-F-Protective-App-IOSUITests */ = {
			isa = PBXNativeTarget;
			buildConfigurationList = D009825B23870FEA00784BF8 /* Build configuration list for PBXNativeTarget "Group-F-Protective-App-IOSUITests" */;
			buildPhases = (
				F508C9B4DC0682450259191E /* [CP] Check Pods Manifest.lock */,
				D009824823870FEA00784BF8 /* Sources */,
				D009824923870FEA00784BF8 /* Frameworks */,
				D009824A23870FEA00784BF8 /* Resources */,
				A51A99886AF00EB936C1AFA5 /* [CP] Embed Pods Frameworks */,
			);
			buildRules = (
			);
			dependencies = (
				D009824E23870FEA00784BF8 /* PBXTargetDependency */,
			);
			name = "Group-F-Protective-App-IOSUITests";
			productName = "Group-F-Protective-App-IOSUITests";
			productReference = D009824C23870FEA00784BF8 /* Group-F-Protective-App-IOSUITests.xctest */;
			productType = "com.apple.product-type.bundle.ui-testing";
		};
/* End PBXNativeTarget section */

/* Begin PBXProject section */
		D009822323870FE800784BF8 /* Project object */ = {
			isa = PBXProject;
			attributes = {
				LastSwiftUpdateCheck = 1120;
				LastUpgradeCheck = 1120;
				ORGANIZATIONNAME = "Simran Chakkal";
				TargetAttributes = {
					D009822A23870FE800784BF8 = {
						CreatedOnToolsVersion = 11.2;
					};
					D009824023870FEA00784BF8 = {
						CreatedOnToolsVersion = 11.2;
						TestTargetID = D009822A23870FE800784BF8;
					};
					D009824B23870FEA00784BF8 = {
						CreatedOnToolsVersion = 11.2;
						TestTargetID = D009822A23870FE800784BF8;
					};
				};
			};
			buildConfigurationList = D009822623870FE800784BF8 /* Build configuration list for PBXProject "Group-F-Protective-App-IOS" */;
			compatibilityVersion = "Xcode 9.3";
			developmentRegion = en;
			hasScannedForEncodings = 0;
			knownRegions = (
				en,
				Base,
			);
			mainGroup = D009822223870FE800784BF8;
			productRefGroup = D009822C23870FE800784BF8 /* Products */;
			projectDirPath = "";
			projectRoot = "";
			targets = (
				D009822A23870FE800784BF8 /* Group-F-Protective-App-IOS */,
				D009824023870FEA00784BF8 /* Group-F-Protective-App-IOSTests */,
				D009824B23870FEA00784BF8 /* Group-F-Protective-App-IOSUITests */,
			);
		};
/* End PBXProject section */

/* Begin PBXResourcesBuildPhase section */
		D009822923870FE800784BF8 /* Resources */ = {
			isa = PBXResourcesBuildPhase;
			buildActionMask = 2147483647;
			files = (
				D00FD0FF238F2A45000E442D /* IMG_CE02A9BF23B6-1.jpeg in Resources */,
				D06E1AE5238F912A0011D8C4 /* audio.mp3 in Resources */,
				D06E1AE7238F91340011D8C4 /* audio2.m4a in Resources */,
				D00FD100238F2A45000E442D /* IMG_C2F3053FD8B6-1.jpeg in Resources */,
				D00FD0FB238F29E5000E442D /* vedio2.mp4 in Resources */,
				D00FD0FC238F29E5000E442D /* vedio.mp4 in Resources */,
				D06E1AE1238F911A0011D8C4 /* Unknown.jpeg in Resources */,
				D00FD0F8238F29C0000E442D /* 180607_A_101 2.mp4 in Resources */,
				D009823B23870FE900784BF8 /* LaunchScreen.storyboard in Resources */,
				D06E1AE3238F91240011D8C4 /* images.jpeg in Resources */,
				D00982692387177B00784BF8 /* GoogleService-Info.plist in Resources */,
				D009823823870FE900784BF8 /* Assets.xcassets in Resources */,
				D009823623870FE800784BF8 /* Main.storyboard in Resources */,
			);
			runOnlyForDeploymentPostprocessing = 0;
		};
		D009823F23870FEA00784BF8 /* Resources */ = {
			isa = PBXResourcesBuildPhase;
			buildActionMask = 2147483647;
			files = (
			);
			runOnlyForDeploymentPostprocessing = 0;
		};
		D009824A23870FEA00784BF8 /* Resources */ = {
			isa = PBXResourcesBuildPhase;
			buildActionMask = 2147483647;
			files = (
			);
			runOnlyForDeploymentPostprocessing = 0;
		};
/* End PBXResourcesBuildPhase section */

/* Begin PBXShellScriptBuildPhase section */
		3271AF41461D0AD39D1E3DF8 /* [CP] Check Pods Manifest.lock */ = {
			isa = PBXShellScriptBuildPhase;
			buildActionMask = 2147483647;
			files = (
			);
			inputFileListPaths = (
			);
			inputPaths = (
				"${PODS_PODFILE_DIR_PATH}/Podfile.lock",
				"${PODS_ROOT}/Manifest.lock",
			);
			name = "[CP] Check Pods Manifest.lock";
			outputFileListPaths = (
			);
			outputPaths = (
				"$(DERIVED_FILE_DIR)/Pods-Group-F-Protective-App-IOSTests-checkManifestLockResult.txt",
			);
			runOnlyForDeploymentPostprocessing = 0;
			shellPath = /bin/sh;
			shellScript = "diff \"${PODS_PODFILE_DIR_PATH}/Podfile.lock\" \"${PODS_ROOT}/Manifest.lock\" > /dev/null\nif [ $? != 0 ] ; then\n    # print error to STDERR\n    echo \"error: The sandbox is not in sync with the Podfile.lock. Run 'pod install' or update your CocoaPods installation.\" >&2\n    exit 1\nfi\n# This output is used by Xcode 'outputs' to avoid re-running this script phase.\necho \"SUCCESS\" > \"${SCRIPT_OUTPUT_FILE_0}\"\n";
			showEnvVarsInLog = 0;
		};
		60A36FCA9426D04ECB07CB69 /* [CP] Check Pods Manifest.lock */ = {
			isa = PBXShellScriptBuildPhase;
			buildActionMask = 2147483647;
			files = (
			);
			inputFileListPaths = (
			);
			inputPaths = (
				"${PODS_PODFILE_DIR_PATH}/Podfile.lock",
				"${PODS_ROOT}/Manifest.lock",
			);
			name = "[CP] Check Pods Manifest.lock";
			outputFileListPaths = (
			);
			outputPaths = (
				"$(DERIVED_FILE_DIR)/Pods-Group-F-Protective-App-IOS-checkManifestLockResult.txt",
			);
			runOnlyForDeploymentPostprocessing = 0;
			shellPath = /bin/sh;
			shellScript = "diff \"${PODS_PODFILE_DIR_PATH}/Podfile.lock\" \"${PODS_ROOT}/Manifest.lock\" > /dev/null\nif [ $? != 0 ] ; then\n    # print error to STDERR\n    echo \"error: The sandbox is not in sync with the Podfile.lock. Run 'pod install' or update your CocoaPods installation.\" >&2\n    exit 1\nfi\n# This output is used by Xcode 'outputs' to avoid re-running this script phase.\necho \"SUCCESS\" > \"${SCRIPT_OUTPUT_FILE_0}\"\n";
			showEnvVarsInLog = 0;
		};
		A51A99886AF00EB936C1AFA5 /* [CP] Embed Pods Frameworks */ = {
			isa = PBXShellScriptBuildPhase;
			buildActionMask = 2147483647;
			files = (
			);
			inputFileListPaths = (
				"${PODS_ROOT}/Target Support Files/Pods-Group-F-Protective-App-IOS-Group-F-Protective-App-IOSUITests/Pods-Group-F-Protective-App-IOS-Group-F-Protective-App-IOSUITests-frameworks-${CONFIGURATION}-input-files.xcfilelist",
			);
			name = "[CP] Embed Pods Frameworks";
			outputFileListPaths = (
				"${PODS_ROOT}/Target Support Files/Pods-Group-F-Protective-App-IOS-Group-F-Protective-App-IOSUITests/Pods-Group-F-Protective-App-IOS-Group-F-Protective-App-IOSUITests-frameworks-${CONFIGURATION}-output-files.xcfilelist",
			);
			runOnlyForDeploymentPostprocessing = 0;
			shellPath = /bin/sh;
			shellScript = "\"${PODS_ROOT}/Target Support Files/Pods-Group-F-Protective-App-IOS-Group-F-Protective-App-IOSUITests/Pods-Group-F-Protective-App-IOS-Group-F-Protective-App-IOSUITests-frameworks.sh\"\n";
			showEnvVarsInLog = 0;
		};
		BBD53A7884CA1A749AC8EEAB /* [CP] Embed Pods Frameworks */ = {
			isa = PBXShellScriptBuildPhase;
			buildActionMask = 2147483647;
			files = (
			);
			inputFileListPaths = (
				"${PODS_ROOT}/Target Support Files/Pods-Group-F-Protective-App-IOS/Pods-Group-F-Protective-App-IOS-frameworks-${CONFIGURATION}-input-files.xcfilelist",
			);
			name = "[CP] Embed Pods Frameworks";
			outputFileListPaths = (
				"${PODS_ROOT}/Target Support Files/Pods-Group-F-Protective-App-IOS/Pods-Group-F-Protective-App-IOS-frameworks-${CONFIGURATION}-output-files.xcfilelist",
			);
			runOnlyForDeploymentPostprocessing = 0;
			shellPath = /bin/sh;
			shellScript = "\"${PODS_ROOT}/Target Support Files/Pods-Group-F-Protective-App-IOS/Pods-Group-F-Protective-App-IOS-frameworks.sh\"\n";
			showEnvVarsInLog = 0;
		};
		F508C9B4DC0682450259191E /* [CP] Check Pods Manifest.lock */ = {
			isa = PBXShellScriptBuildPhase;
			buildActionMask = 2147483647;
			files = (
			);
			inputFileListPaths = (
			);
			inputPaths = (
				"${PODS_PODFILE_DIR_PATH}/Podfile.lock",
				"${PODS_ROOT}/Manifest.lock",
			);
			name = "[CP] Check Pods Manifest.lock";
			outputFileListPaths = (
			);
			outputPaths = (
				"$(DERIVED_FILE_DIR)/Pods-Group-F-Protective-App-IOS-Group-F-Protective-App-IOSUITests-checkManifestLockResult.txt",
			);
			runOnlyForDeploymentPostprocessing = 0;
			shellPath = /bin/sh;
			shellScript = "diff \"${PODS_PODFILE_DIR_PATH}/Podfile.lock\" \"${PODS_ROOT}/Manifest.lock\" > /dev/null\nif [ $? != 0 ] ; then\n    # print error to STDERR\n    echo \"error: The sandbox is not in sync with the Podfile.lock. Run 'pod install' or update your CocoaPods installation.\" >&2\n    exit 1\nfi\n# This output is used by Xcode 'outputs' to avoid re-running this script phase.\necho \"SUCCESS\" > \"${SCRIPT_OUTPUT_FILE_0}\"\n";
			showEnvVarsInLog = 0;
		};
/* End PBXShellScriptBuildPhase section */

/* Begin PBXSourcesBuildPhase section */
		D009822723870FE800784BF8 /* Sources */ = {
			isa = PBXSourcesBuildPhase;
			buildActionMask = 2147483647;
			files = (
				D0098265238713A500784BF8 /* LoginViewController.swift in Sources */,
				D00982632387139400784BF8 /* SignupViewController.swift in Sources */,
				D009823323870FE800784BF8 /* ViewController.swift in Sources */,
				D009826B23871FED00784BF8 /* PostsViewController.swift in Sources */,
				D0081BB72388625700546922 /* notesViewController.swift in Sources */,
				D0098267238713B400784BF8 /* HomeViewController.swift in Sources */,
				D009822F23870FE800784BF8 /* AppDelegate.swift in Sources */,
				D0081BBA2388625700546922 /* listTableViewController.swift in Sources */,
				D009823123870FE800784BF8 /* SceneDelegate.swift in Sources */,
				D00982612387104A00784BF8 /* Utilities.swift in Sources */,
				D00FD0F1238F2878000E442D /* vedioViewController.swift in Sources */,
				D0081BB92388625700546922 /* tableviewcontrollerTableViewController.swift in Sources */,
				D009825F2387101A00784BF8 /* Constants.swift in Sources */,
				D009826D2387237C00784BF8 /* Post.swift in Sources */,
				D0081BBB2388625700546922 /* movenotesViewController.swift in Sources */,
				D0081BB82388625700546922 /* structurefile.swift in Sources */,
			);
			runOnlyForDeploymentPostprocessing = 0;
		};
		D009823D23870FEA00784BF8 /* Sources */ = {
			isa = PBXSourcesBuildPhase;
			buildActionMask = 2147483647;
			files = (
				D009824623870FEA00784BF8 /* Group_F_Protective_App_IOSTests.swift in Sources */,
			);
			runOnlyForDeploymentPostprocessing = 0;
		};
		D009824823870FEA00784BF8 /* Sources */ = {
			isa = PBXSourcesBuildPhase;
			buildActionMask = 2147483647;
			files = (
				D009825123870FEA00784BF8 /* Group_F_Protective_App_IOSUITests.swift in Sources */,
			);
			runOnlyForDeploymentPostprocessing = 0;
		};
/* End PBXSourcesBuildPhase section */

/* Begin PBXTargetDependency section */
		D009824323870FEA00784BF8 /* PBXTargetDependency */ = {
			isa = PBXTargetDependency;
			target = D009822A23870FE800784BF8 /* Group-F-Protective-App-IOS */;
			targetProxy = D009824223870FEA00784BF8 /* PBXContainerItemProxy */;
		};
		D009824E23870FEA00784BF8 /* PBXTargetDependency */ = {
			isa = PBXTargetDependency;
			target = D009822A23870FE800784BF8 /* Group-F-Protective-App-IOS */;
			targetProxy = D009824D23870FEA00784BF8 /* PBXContainerItemProxy */;
		};
/* End PBXTargetDependency section */

/* Begin PBXVariantGroup section */
		D009823423870FE800784BF8 /* Main.storyboard */ = {
			isa = PBXVariantGroup;
			children = (
				D009823523870FE800784BF8 /* Base */,
			);
			name = Main.storyboard;
			sourceTree = "<group>";
		};
		D009823923870FE900784BF8 /* LaunchScreen.storyboard */ = {
			isa = PBXVariantGroup;
			children = (
				D009823A23870FE900784BF8 /* Base */,
			);
			name = LaunchScreen.storyboard;
			sourceTree = "<group>";
		};
/* End PBXVariantGroup section */

/* Begin XCBuildConfiguration section */
		D009825323870FEA00784BF8 /* Debug */ = {
			isa = XCBuildConfiguration;
			buildSettings = {
				ALWAYS_SEARCH_USER_PATHS = NO;
				CLANG_ANALYZER_NONNULL = YES;
				CLANG_ANALYZER_NUMBER_OBJECT_CONVERSION = YES_AGGRESSIVE;
				CLANG_CXX_LANGUAGE_STANDARD = "gnu++14";
				CLANG_CXX_LIBRARY = "libc++";
				CLANG_ENABLE_MODULES = YES;
				CLANG_ENABLE_OBJC_ARC = YES;
				CLANG_ENABLE_OBJC_WEAK = YES;
				CLANG_WARN_BLOCK_CAPTURE_AUTORELEASING = YES;
				CLANG_WARN_BOOL_CONVERSION = YES;
				CLANG_WARN_COMMA = YES;
				CLANG_WARN_CONSTANT_CONVERSION = YES;
				CLANG_WARN_DEPRECATED_OBJC_IMPLEMENTATIONS = YES;
				CLANG_WARN_DIRECT_OBJC_ISA_USAGE = YES_ERROR;
				CLANG_WARN_DOCUMENTATION_COMMENTS = YES;
				CLANG_WARN_EMPTY_BODY = YES;
				CLANG_WARN_ENUM_CONVERSION = YES;
				CLANG_WARN_INFINITE_RECURSION = YES;
				CLANG_WARN_INT_CONVERSION = YES;
				CLANG_WARN_NON_LITERAL_NULL_CONVERSION = YES;
				CLANG_WARN_OBJC_IMPLICIT_RETAIN_SELF = YES;
				CLANG_WARN_OBJC_LITERAL_CONVERSION = YES;
				CLANG_WARN_OBJC_ROOT_CLASS = YES_ERROR;
				CLANG_WARN_RANGE_LOOP_ANALYSIS = YES;
				CLANG_WARN_STRICT_PROTOTYPES = YES;
				CLANG_WARN_SUSPICIOUS_MOVE = YES;
				CLANG_WARN_UNGUARDED_AVAILABILITY = YES_AGGRESSIVE;
				CLANG_WARN_UNREACHABLE_CODE = YES;
				CLANG_WARN__DUPLICATE_METHOD_MATCH = YES;
				COPY_PHASE_STRIP = NO;
				DEBUG_INFORMATION_FORMAT = dwarf;
				ENABLE_STRICT_OBJC_MSGSEND = YES;
				ENABLE_TESTABILITY = YES;
				GCC_C_LANGUAGE_STANDARD = gnu11;
				GCC_DYNAMIC_NO_PIC = NO;
				GCC_NO_COMMON_BLOCKS = YES;
				GCC_OPTIMIZATION_LEVEL = 0;
				GCC_PREPROCESSOR_DEFINITIONS = (
					"DEBUG=1",
					"$(inherited)",
				);
				GCC_WARN_64_TO_32_BIT_CONVERSION = YES;
				GCC_WARN_ABOUT_RETURN_TYPE = YES_ERROR;
				GCC_WARN_UNDECLARED_SELECTOR = YES;
				GCC_WARN_UNINITIALIZED_AUTOS = YES_AGGRESSIVE;
				GCC_WARN_UNUSED_FUNCTION = YES;
				GCC_WARN_UNUSED_VARIABLE = YES;
				IPHONEOS_DEPLOYMENT_TARGET = 13.2;
				MTL_ENABLE_DEBUG_INFO = INCLUDE_SOURCE;
				MTL_FAST_MATH = YES;
				ONLY_ACTIVE_ARCH = YES;
				SDKROOT = iphoneos;
				SWIFT_ACTIVE_COMPILATION_CONDITIONS = DEBUG;
				SWIFT_OPTIMIZATION_LEVEL = "-Onone";
			};
			name = Debug;
		};
		D009825423870FEA00784BF8 /* Release */ = {
			isa = XCBuildConfiguration;
			buildSettings = {
				ALWAYS_SEARCH_USER_PATHS = NO;
				CLANG_ANALYZER_NONNULL = YES;
				CLANG_ANALYZER_NUMBER_OBJECT_CONVERSION = YES_AGGRESSIVE;
				CLANG_CXX_LANGUAGE_STANDARD = "gnu++14";
				CLANG_CXX_LIBRARY = "libc++";
				CLANG_ENABLE_MODULES = YES;
				CLANG_ENABLE_OBJC_ARC = YES;
				CLANG_ENABLE_OBJC_WEAK = YES;
				CLANG_WARN_BLOCK_CAPTURE_AUTORELEASING = YES;
				CLANG_WARN_BOOL_CONVERSION = YES;
				CLANG_WARN_COMMA = YES;
				CLANG_WARN_CONSTANT_CONVERSION = YES;
				CLANG_WARN_DEPRECATED_OBJC_IMPLEMENTATIONS = YES;
				CLANG_WARN_DIRECT_OBJC_ISA_USAGE = YES_ERROR;
				CLANG_WARN_DOCUMENTATION_COMMENTS = YES;
				CLANG_WARN_EMPTY_BODY = YES;
				CLANG_WARN_ENUM_CONVERSION = YES;
				CLANG_WARN_INFINITE_RECURSION = YES;
				CLANG_WARN_INT_CONVERSION = YES;
				CLANG_WARN_NON_LITERAL_NULL_CONVERSION = YES;
				CLANG_WARN_OBJC_IMPLICIT_RETAIN_SELF = YES;
				CLANG_WARN_OBJC_LITERAL_CONVERSION = YES;
				CLANG_WARN_OBJC_ROOT_CLASS = YES_ERROR;
				CLANG_WARN_RANGE_LOOP_ANALYSIS = YES;
				CLANG_WARN_STRICT_PROTOTYPES = YES;
				CLANG_WARN_SUSPICIOUS_MOVE = YES;
				CLANG_WARN_UNGUARDED_AVAILABILITY = YES_AGGRESSIVE;
				CLANG_WARN_UNREACHABLE_CODE = YES;
				CLANG_WARN__DUPLICATE_METHOD_MATCH = YES;
				COPY_PHASE_STRIP = NO;
				DEBUG_INFORMATION_FORMAT = "dwarf-with-dsym";
				ENABLE_NS_ASSERTIONS = NO;
				ENABLE_STRICT_OBJC_MSGSEND = YES;
				GCC_C_LANGUAGE_STANDARD = gnu11;
				GCC_NO_COMMON_BLOCKS = YES;
				GCC_WARN_64_TO_32_BIT_CONVERSION = YES;
				GCC_WARN_ABOUT_RETURN_TYPE = YES_ERROR;
				GCC_WARN_UNDECLARED_SELECTOR = YES;
				GCC_WARN_UNINITIALIZED_AUTOS = YES_AGGRESSIVE;
				GCC_WARN_UNUSED_FUNCTION = YES;
				GCC_WARN_UNUSED_VARIABLE = YES;
				IPHONEOS_DEPLOYMENT_TARGET = 13.2;
				MTL_ENABLE_DEBUG_INFO = NO;
				MTL_FAST_MATH = YES;
				SDKROOT = iphoneos;
				SWIFT_COMPILATION_MODE = wholemodule;
				SWIFT_OPTIMIZATION_LEVEL = "-O";
				VALIDATE_PRODUCT = YES;
			};
			name = Release;
		};
		D009825623870FEA00784BF8 /* Debug */ = {
			isa = XCBuildConfiguration;
			baseConfigurationReference = DC0FA4E3728C6AED227B21C7 /* Pods-Group-F-Protective-App-IOS.debug.xcconfig */;
			buildSettings = {
				ASSETCATALOG_COMPILER_APPICON_NAME = AppIcon;
				CODE_SIGN_STYLE = Automatic;
				DEVELOPMENT_TEAM = 86Q86F9H25;
				INFOPLIST_FILE = "Group-F-Protective-App-IOS/Info.plist";
				LD_RUNPATH_SEARCH_PATHS = (
					"$(inherited)",
					"@executable_path/Frameworks",
				);
				PRODUCT_BUNDLE_IDENTIFIER = "simran.Group-F-Protective-App-IOS";
				PRODUCT_NAME = "$(TARGET_NAME)";
				SWIFT_VERSION = 5.0;
				TARGETED_DEVICE_FAMILY = "1,2";
			};
			name = Debug;
		};
		D009825723870FEA00784BF8 /* Release */ = {
			isa = XCBuildConfiguration;
			baseConfigurationReference = 644F11206B549BCEAB347E32 /* Pods-Group-F-Protective-App-IOS.release.xcconfig */;
			buildSettings = {
				ASSETCATALOG_COMPILER_APPICON_NAME = AppIcon;
				CODE_SIGN_STYLE = Automatic;
				DEVELOPMENT_TEAM = 86Q86F9H25;
				INFOPLIST_FILE = "Group-F-Protective-App-IOS/Info.plist";
				LD_RUNPATH_SEARCH_PATHS = (
					"$(inherited)",
					"@executable_path/Frameworks",
				);
				PRODUCT_BUNDLE_IDENTIFIER = "simran.Group-F-Protective-App-IOS";
				PRODUCT_NAME = "$(TARGET_NAME)";
				SWIFT_VERSION = 5.0;
				TARGETED_DEVICE_FAMILY = "1,2";
			};
			name = Release;
		};
		D009825923870FEA00784BF8 /* Debug */ = {
			isa = XCBuildConfiguration;
			baseConfigurationReference = D5FD6B8733CD94E3D4A0DFAF /* Pods-Group-F-Protective-App-IOSTests.debug.xcconfig */;
			buildSettings = {
				ALWAYS_EMBED_SWIFT_STANDARD_LIBRARIES = YES;
				BUNDLE_LOADER = "$(TEST_HOST)";
				CODE_SIGN_STYLE = Automatic;
				DEVELOPMENT_TEAM = 86Q86F9H25;
				INFOPLIST_FILE = "Group-F-Protective-App-IOSTests/Info.plist";
				IPHONEOS_DEPLOYMENT_TARGET = 13.2;
				LD_RUNPATH_SEARCH_PATHS = (
					"$(inherited)",
					"@executable_path/Frameworks",
					"@loader_path/Frameworks",
				);
				PRODUCT_BUNDLE_IDENTIFIER = "simran.Group-F-Protective-App-IOSTests";
				PRODUCT_NAME = "$(TARGET_NAME)";
				SWIFT_VERSION = 5.0;
				TARGETED_DEVICE_FAMILY = "1,2";
				TEST_HOST = "$(BUILT_PRODUCTS_DIR)/Group-F-Protective-App-IOS.app/Group-F-Protective-App-IOS";
			};
			name = Debug;
		};
		D009825A23870FEA00784BF8 /* Release */ = {
			isa = XCBuildConfiguration;
			baseConfigurationReference = 1ECD0D95F1A15F6408C3C8D3 /* Pods-Group-F-Protective-App-IOSTests.release.xcconfig */;
			buildSettings = {
				ALWAYS_EMBED_SWIFT_STANDARD_LIBRARIES = YES;
				BUNDLE_LOADER = "$(TEST_HOST)";
				CODE_SIGN_STYLE = Automatic;
				DEVELOPMENT_TEAM = 86Q86F9H25;
				INFOPLIST_FILE = "Group-F-Protective-App-IOSTests/Info.plist";
				IPHONEOS_DEPLOYMENT_TARGET = 13.2;
				LD_RUNPATH_SEARCH_PATHS = (
					"$(inherited)",
					"@executable_path/Frameworks",
					"@loader_path/Frameworks",
				);
				PRODUCT_BUNDLE_IDENTIFIER = "simran.Group-F-Protective-App-IOSTests";
				PRODUCT_NAME = "$(TARGET_NAME)";
				SWIFT_VERSION = 5.0;
				TARGETED_DEVICE_FAMILY = "1,2";
				TEST_HOST = "$(BUILT_PRODUCTS_DIR)/Group-F-Protective-App-IOS.app/Group-F-Protective-App-IOS";
			};
			name = Release;
		};
		D009825C23870FEA00784BF8 /* Debug */ = {
			isa = XCBuildConfiguration;
			baseConfigurationReference = 897E503103A29FF4C6E6BBDC /* Pods-Group-F-Protective-App-IOS-Group-F-Protective-App-IOSUITests.debug.xcconfig */;
			buildSettings = {
				ALWAYS_EMBED_SWIFT_STANDARD_LIBRARIES = YES;
				CODE_SIGN_STYLE = Automatic;
				DEVELOPMENT_TEAM = 86Q86F9H25;
				INFOPLIST_FILE = "Group-F-Protective-App-IOSUITests/Info.plist";
				LD_RUNPATH_SEARCH_PATHS = (
					"$(inherited)",
					"@executable_path/Frameworks",
					"@loader_path/Frameworks",
				);
				PRODUCT_BUNDLE_IDENTIFIER = "simran.Group-F-Protective-App-IOSUITests";
				PRODUCT_NAME = "$(TARGET_NAME)";
				SWIFT_VERSION = 5.0;
				TARGETED_DEVICE_FAMILY = "1,2";
				TEST_TARGET_NAME = "Group-F-Protective-App-IOS";
			};
			name = Debug;
		};
		D009825D23870FEA00784BF8 /* Release */ = {
			isa = XCBuildConfiguration;
			baseConfigurationReference = 20DC8A3EAC91073211495889 /* Pods-Group-F-Protective-App-IOS-Group-F-Protective-App-IOSUITests.release.xcconfig */;
			buildSettings = {
				ALWAYS_EMBED_SWIFT_STANDARD_LIBRARIES = YES;
				CODE_SIGN_STYLE = Automatic;
				DEVELOPMENT_TEAM = 86Q86F9H25;
				INFOPLIST_FILE = "Group-F-Protective-App-IOSUITests/Info.plist";
				LD_RUNPATH_SEARCH_PATHS = (
					"$(inherited)",
					"@executable_path/Frameworks",
					"@loader_path/Frameworks",
				);
				PRODUCT_BUNDLE_IDENTIFIER = "simran.Group-F-Protective-App-IOSUITests";
				PRODUCT_NAME = "$(TARGET_NAME)";
				SWIFT_VERSION = 5.0;
				TARGETED_DEVICE_FAMILY = "1,2";
				TEST_TARGET_NAME = "Group-F-Protective-App-IOS";
			};
			name = Release;
		};
/* End XCBuildConfiguration section */

/* Begin XCConfigurationList section */
		D009822623870FE800784BF8 /* Build configuration list for PBXProject "Group-F-Protective-App-IOS" */ = {
			isa = XCConfigurationList;
			buildConfigurations = (
				D009825323870FEA00784BF8 /* Debug */,
				D009825423870FEA00784BF8 /* Release */,
			);
			defaultConfigurationIsVisible = 0;
			defaultConfigurationName = Release;
		};
		D009825523870FEA00784BF8 /* Build configuration list for PBXNativeTarget "Group-F-Protective-App-IOS" */ = {
			isa = XCConfigurationList;
			buildConfigurations = (
				D009825623870FEA00784BF8 /* Debug */,
				D009825723870FEA00784BF8 /* Release */,
			);
			defaultConfigurationIsVisible = 0;
			defaultConfigurationName = Release;
		};
		D009825823870FEA00784BF8 /* Build configuration list for PBXNativeTarget "Group-F-Protective-App-IOSTests" */ = {
			isa = XCConfigurationList;
			buildConfigurations = (
				D009825923870FEA00784BF8 /* Debug */,
				D009825A23870FEA00784BF8 /* Release */,
			);
			defaultConfigurationIsVisible = 0;
			defaultConfigurationName = Release;
		};
		D009825B23870FEA00784BF8 /* Build configuration list for PBXNativeTarget "Group-F-Protective-App-IOSUITests" */ = {
			isa = XCConfigurationList;
			buildConfigurations = (
				D009825C23870FEA00784BF8 /* Debug */,
				D009825D23870FEA00784BF8 /* Release */,
			);
			defaultConfigurationIsVisible = 0;
			defaultConfigurationName = Release;
		};
/* End XCConfigurationList section */
	};
	rootObject = D009822323870FE800784BF8 /* Project object */;
}
